{
  "version": 4,
  "terraform_version": "1.7.3",
  "serial": 8,
  "lineage": "536be454-3790-37e1-3a33-471dfdd399cf",
  "outputs": {},
  "resources": [
    {
      "mode": "managed",
      "type": "azurerm_resource_group",
      "name": "myrg",
      "provider": "provider[\"registry.terraform.io/hashicorp/azurerm\"]",
      "instances": [
        {
          "schema_version": 0,
          "attributes": {
            "id": "/subscriptions/a1dbe77b-da96-4e01-875c-f7b05a79eb93/resourceGroups/TerraformImportDemo-RG",
            "location": "eastus",
            "name": "TerraformImportDemo-RG",
            "tags": {},
            "timeouts": {
              "create": null,
              "delete": null,
              "read": null,
              "update": null
            }
          },
          "sensitive_attributes": [],
          "private": "eyJlMmJmYjczMC1lY2FhLTExZTYtOGY4OC0zNDM2M2JjN2M0YzAiOnsiY3JlYXRlIjo1NDAwMDAwMDAwMDAwLCJkZWxldGUiOjU0MDAwMDAwMDAwMDAsInJlYWQiOjMwMDAwMDAwMDAwMCwidXBkYXRlIjo1NDAwMDAwMDAwMDAwfSwic2NoZW1hX3ZlcnNpb24iOiIwIn0="
        }
      ]
    },
    {
      "mode": "managed",
      "type": "azurerm_storage_account",
      "name": "mystorage",
      "provider": "provider[\"registry.terraform.io/hashicorp/azurerm\"]",
      "instances": [
        {
          "schema_version": 3,
          "attributes": {
            "access_tier": "Hot",
            "account_kind": "StorageV2",
            "account_replication_type": "GRS",
            "account_tier": "Standard",
            "allow_nested_items_to_be_public": true,
            "azure_files_authentication": [],
            "blob_properties": [
              {
                "change_feed_enabled": false,
                "container_delete_retention_policy": [
                  {
                    "days": 7
                  }
                ],
                "cors_rule": [],
                "default_service_version": "",
                "delete_retention_policy": [
                  {
                    "days": 7
                  }
                ],
                "last_access_time_enabled": false,
                "versioning_enabled": false
              }
            ],
            "cross_tenant_replication_enabled": true,
            "custom_domain": [],
            "customer_managed_key": [],
            "edge_zone": "",
            "enable_https_traffic_only": true,
            "id": "/subscriptions/a1dbe77b-da96-4e01-875c-f7b05a79eb93/resourceGroups/TerraformImportDemo-RG/providers/Microsoft.Storage/storageAccounts/terraformdemo202455",
            "identity": [],
            "infrastructure_encryption_enabled": false,
            "is_hns_enabled": false,
            "large_file_share_enabled": null,
            "location": "eastus",
            "min_tls_version": "TLS1_2",
            "name": "terraformdemo202455",
            "network_rules": [
              {
                "bypass": [
                  "AzureServices"
                ],
                "default_action": "Allow",
                "ip_rules": [],
                "private_link_access": [],
                "virtual_network_subnet_ids": []
              }
            ],
            "nfsv3_enabled": false,
            "primary_access_key": "4FU2+cLiv429mPWKh13JQj1z8cnDkWQcXHfixIVYSziGcrA9nlGcasZSK8abGD44l/t2g7n2lK9x+AStU3rrcA==",
            "primary_blob_connection_string": "DefaultEndpointsProtocol=https;BlobEndpoint=https://terraformdemo202455.blob.core.windows.net/;AccountName=terraformdemo202455;AccountKey=4FU2+cLiv429mPWKh13JQj1z8cnDkWQcXHfixIVYSziGcrA9nlGcasZSK8abGD44l/t2g7n2lK9x+AStU3rrcA==",
            "primary_blob_endpoint": "https://terraformdemo202455.blob.core.windows.net/",
            "primary_blob_host": "terraformdemo202455.blob.core.windows.net",
            "primary_connection_string": "DefaultEndpointsProtocol=https;AccountName=terraformdemo202455;AccountKey=4FU2+cLiv429mPWKh13JQj1z8cnDkWQcXHfixIVYSziGcrA9nlGcasZSK8abGD44l/t2g7n2lK9x+AStU3rrcA==;EndpointSuffix=core.windows.net",
            "primary_dfs_endpoint": "https://terraformdemo202455.dfs.core.windows.net/",
            "primary_dfs_host": "terraformdemo202455.dfs.core.windows.net",
            "primary_file_endpoint": "https://terraformdemo202455.file.core.windows.net/",
            "primary_file_host": "terraformdemo202455.file.core.windows.net",
            "primary_location": "eastus",
            "primary_queue_endpoint": "https://terraformdemo202455.queue.core.windows.net/",
            "primary_queue_host": "terraformdemo202455.queue.core.windows.net",
            "primary_table_endpoint": "https://terraformdemo202455.table.core.windows.net/",
            "primary_table_host": "terraformdemo202455.table.core.windows.net",
            "primary_web_endpoint": "https://terraformdemo202455.z13.web.core.windows.net/",
            "primary_web_host": "terraformdemo202455.z13.web.core.windows.net",
            "queue_encryption_key_type": "Service",
            "queue_properties": [
              {
                "cors_rule": [],
                "hour_metrics": [
                  {
                    "enabled": true,
                    "include_apis": true,
                    "retention_policy_days": 7,
                    "version": "1.0"
                  }
                ],
                "logging": [
                  {
                    "delete": false,
                    "read": false,
                    "retention_policy_days": 0,
                    "version": "1.0",
                    "write": false
                  }
                ],
                "minute_metrics": [
                  {
                    "enabled": false,
                    "include_apis": false,
                    "retention_policy_days": 0,
                    "version": "1.0"
                  }
                ]
              }
            ],
            "resource_group_name": "TerraformImportDemo-RG",
            "routing": [],
            "secondary_access_key": "jc6Dx2v4aDbFJ726VhgrRjNHJn3/7C2yq3IaZckVjwrhX9ghiNkfISxqaDthJqSnPjie/4QKjEdN+AStY3aLDQ==",
            "secondary_blob_connection_string": "",
            "secondary_blob_endpoint": null,
            "secondary_blob_host": null,
            "secondary_connection_string": "DefaultEndpointsProtocol=https;AccountName=terraformdemo202455;AccountKey=jc6Dx2v4aDbFJ726VhgrRjNHJn3/7C2yq3IaZckVjwrhX9ghiNkfISxqaDthJqSnPjie/4QKjEdN+AStY3aLDQ==;EndpointSuffix=core.windows.net",
            "secondary_dfs_endpoint": null,
            "secondary_dfs_host": null,
            "secondary_file_endpoint": null,
            "secondary_file_host": null,
            "secondary_location": "westus",
            "secondary_queue_endpoint": null,
            "secondary_queue_host": null,
            "secondary_table_endpoint": null,
            "secondary_table_host": null,
            "secondary_web_endpoint": null,
            "secondary_web_host": null,
            "share_properties": [
              {
                "cors_rule": [],
                "retention_policy": [
                  {
                    "days": 7
                  }
                ],
                "smb": []
              }
            ],
            "shared_access_key_enabled": true,
            "static_website": [],
            "table_encryption_key_type": "Service",
            "tags": {},
            "timeouts": null
          },
          "sensitive_attributes": [],
          "private": "eyJlMmJmYjczMC1lY2FhLTExZTYtOGY4OC0zNDM2M2JjN2M0YzAiOnsiY3JlYXRlIjozNjAwMDAwMDAwMDAwLCJkZWxldGUiOjM2MDAwMDAwMDAwMDAsInJlYWQiOjMwMDAwMDAwMDAwMCwidXBkYXRlIjozNjAwMDAwMDAwMDAwfSwic2NoZW1hX3ZlcnNpb24iOiIzIn0=",
          "dependencies": [
            "azurerm_resource_group.myrg"
          ]
        }
      ]
    }
  ],
  "check_results": null
}
